
Microsoft Visual Studio Solution File, Format Version 12.00
# Visual Studio Version 17
VisualStudioVersion = 17.8.34511.84
MinimumVisualStudioVersion = 10.0.40219.1
Project("{FAE04EC0-301F-11D3-BF4B-00C04F79EFBC}") = "PicasPiegadesSistema", "PicasPiegadesSistema\PicasPiegadesSistema.csproj", "{95A87F2B-58EF-49A4-BD4D-FDEED35AD325}"
EndProject
Global
	GlobalSection(SolutionConfigurationPlatforms) = preSolution
		Debug|Any CPU = Debug|Any CPU
		Release|Any CPU = Release|Any CPU
	EndGlobalSection
	GlobalSection(ProjectConfigurationPlatforms) = postSolution
		{95A87F2B-58EF-49A4-BD4D-FDEED35AD325}.Debug|Any CPU.ActiveCfg = Debug|Any CPU
		{95A87F2B-58EF-49A4-BD4D-FDEED35AD325}.Debug|Any CPU.Build.0 = Debug|Any CPU
		{95A87F2B-58EF-49A4-BD4D-FDEED35AD325}.Release|Any CPU.ActiveCfg = Release|Any CPU
		{95A87F2B-58EF-49A4-BD4D-FDEED35AD325}.Release|Any CPU.Build.0 = Release|Any CPU
	EndGlobalSection
	GlobalSection(SolutionProperties) = preSolution
		HideSolutionNode = FALSE
	EndGlobalSection
	GlobalSection(ExtensibilityGlobals) = postSolution
		SolutionGuid = {F706E127-CD29-498F-ABDE-943993F0760D}
	EndGlobalSection
EndGlobal
